
Microsoft Visual Studio Solution File, Format Version 12.00
# Visual Studio Version 16
VisualStudioVersion = 16.0.34407.143
MinimumVisualStudioVersion = 10.0.40219.1
Project("{FAE04EC0-301F-11D3-BF4B-00C04F79EFBC}") = "Calculadora_MSTest", "Calculadora_MSTest.csproj", "{EFD819CD-EE18-4225-BBA8-4B97FCB14435}"
EndProject
Project("{FAE04EC0-301F-11D3-BF4B-00C04F79EFBC}") = "TestCalculadora", "..\TestCalculadora\TestCalculadora.csproj", "{58EAE2AA-EBE3-45B3-8F10-ED886B845CB9}"
EndProject
Global
	GlobalSection(SolutionConfigurationPlatforms) = preSolution
		Debug|Any CPU = Debug|Any CPU
		Release|Any CPU = Release|Any CPU
	EndGlobalSection
	GlobalSection(ProjectConfigurationPlatforms) = postSolution
		{EFD819CD-EE18-4225-BBA8-4B97FCB14435}.Debug|Any CPU.ActiveCfg = Debug|Any CPU
		{EFD819CD-EE18-4225-BBA8-4B97FCB14435}.Debug|Any CPU.Build.0 = Debug|Any CPU
		{EFD819CD-EE18-4225-BBA8-4B97FCB14435}.Release|Any CPU.ActiveCfg = Release|Any CPU
		{EFD819CD-EE18-4225-BBA8-4B97FCB14435}.Release|Any CPU.Build.0 = Release|Any CPU
		{58EAE2AA-EBE3-45B3-8F10-ED886B845CB9}.Debug|Any CPU.ActiveCfg = Debug|Any CPU
		{58EAE2AA-EBE3-45B3-8F10-ED886B845CB9}.Debug|Any CPU.Build.0 = Debug|Any CPU
		{58EAE2AA-EBE3-45B3-8F10-ED886B845CB9}.Release|Any CPU.ActiveCfg = Release|Any CPU
		{58EAE2AA-EBE3-45B3-8F10-ED886B845CB9}.Release|Any CPU.Build.0 = Release|Any CPU
	EndGlobalSection
	GlobalSection(SolutionProperties) = preSolution
		HideSolutionNode = FALSE
	EndGlobalSection
	GlobalSection(ExtensibilityGlobals) = postSolution
		SolutionGuid = {69333014-97A8-4ACD-90E1-62E0D35B4DE7}
	EndGlobalSection
EndGlobal
